
Microsoft Visual Studio Solution File, Format Version 12.00
# Visual Studio Version 17
VisualStudioVersion = 17.7.34024.191
MinimumVisualStudioVersion = 10.0.40219.1
Project("{FAE04EC0-301F-11D3-BF4B-00C04F79EFBC}") = "BrickPlasWebMVC", "BrickPlasWebMVC\BrickPlasWebMVC.csproj", "{F937A077-46C0-47C2-88C9-9A176F28ADD2}"
EndProject
Global
	GlobalSection(SolutionConfigurationPlatforms) = preSolution
		Debug|Any CPU = Debug|Any CPU
		Release|Any CPU = Release|Any CPU
	EndGlobalSection
	GlobalSection(ProjectConfigurationPlatforms) = postSolution
		{F937A077-46C0-47C2-88C9-9A176F28ADD2}.Debug|Any CPU.ActiveCfg = Debug|Any CPU
		{F937A077-46C0-47C2-88C9-9A176F28ADD2}.Debug|Any CPU.Build.0 = Debug|Any CPU
		{F937A077-46C0-47C2-88C9-9A176F28ADD2}.Release|Any CPU.ActiveCfg = Release|Any CPU
		{F937A077-46C0-47C2-88C9-9A176F28ADD2}.Release|Any CPU.Build.0 = Release|Any CPU
	EndGlobalSection
	GlobalSection(SolutionProperties) = preSolution
		HideSolutionNode = FALSE
	EndGlobalSection
	GlobalSection(ExtensibilityGlobals) = postSolution
		SolutionGuid = {6F6D0145-3DEF-4CD7-96F6-7B9700B96945}
	EndGlobalSection
EndGlobal
